
Microsoft Visual Studio Solution File, Format Version 12.00
# Visual Studio 15
VisualStudioVersion = 15.0.28307.1062
MinimumVisualStudioVersion = 10.0.40219.1
Project("{FAE04EC0-301F-11D3-BF4B-00C04F79EFBC}") = "QuickBuy.Dominio", "QuickBuy.Dominio\QuickBuy.Dominio.csproj", "{D281785E-5520-4984-9487-54C920CD483A}"
EndProject
Project("{FAE04EC0-301F-11D3-BF4B-00C04F79EFBC}") = "QuickBuy.Repositorio", "QuickBuy.Repositorio\QuickBuy.Repositorio.csproj", "{588F758E-9A32-490B-A6F1-5E5B74EAE557}"
EndProject
Project("{FAE04EC0-301F-11D3-BF4B-00C04F79EFBC}") = "QuickBuy.Web", "QuickBuy.Web\QuickBuy.Web.csproj", "{AFFCE34C-76FF-4027-9452-955A067BF7F8}"
EndProject
Global
	GlobalSection(SolutionConfigurationPlatforms) = preSolution
		Debug|Any CPU = Debug|Any CPU
		Release|Any CPU = Release|Any CPU
	EndGlobalSection
	GlobalSection(ProjectConfigurationPlatforms) = postSolution
		{D281785E-5520-4984-9487-54C920CD483A}.Debug|Any CPU.ActiveCfg = Debug|Any CPU
		{D281785E-5520-4984-9487-54C920CD483A}.Debug|Any CPU.Build.0 = Debug|Any CPU
		{D281785E-5520-4984-9487-54C920CD483A}.Release|Any CPU.ActiveCfg = Release|Any CPU
		{D281785E-5520-4984-9487-54C920CD483A}.Release|Any CPU.Build.0 = Release|Any CPU
		{588F758E-9A32-490B-A6F1-5E5B74EAE557}.Debug|Any CPU.ActiveCfg = Debug|Any CPU
		{588F758E-9A32-490B-A6F1-5E5B74EAE557}.Debug|Any CPU.Build.0 = Debug|Any CPU
		{588F758E-9A32-490B-A6F1-5E5B74EAE557}.Release|Any CPU.ActiveCfg = Release|Any CPU
		{588F758E-9A32-490B-A6F1-5E5B74EAE557}.Release|Any CPU.Build.0 = Release|Any CPU
		{AFFCE34C-76FF-4027-9452-955A067BF7F8}.Debug|Any CPU.ActiveCfg = Debug|Any CPU
		{AFFCE34C-76FF-4027-9452-955A067BF7F8}.Debug|Any CPU.Build.0 = Debug|Any CPU
		{AFFCE34C-76FF-4027-9452-955A067BF7F8}.Release|Any CPU.ActiveCfg = Release|Any CPU
		{AFFCE34C-76FF-4027-9452-955A067BF7F8}.Release|Any CPU.Build.0 = Release|Any CPU
	EndGlobalSection
	GlobalSection(SolutionProperties) = preSolution
		HideSolutionNode = FALSE
	EndGlobalSection
	GlobalSection(ExtensibilityGlobals) = postSolution
		SolutionGuid = {45CD8B5A-11D2-4CA0-86A6-BABEB0085F7C}
	EndGlobalSection
EndGlobal
